
Microsoft Visual Studio Solution File, Format Version 12.00
# Visual Studio Version 17
VisualStudioVersion = 17.10.35122.118
MinimumVisualStudioVersion = 10.0.40219.1
Project("{FAE04EC0-301F-11D3-BF4B-00C04F79EFBC}") = "Patterns.DesignPatterns", "Patterns.DesignPatterns\Patterns.DesignPatterns.csproj", "{9A546D75-AB2D-43B4-9F1D-C3CF308B0F21}"
EndProject
Project("{FAE04EC0-301F-11D3-BF4B-00C04F79EFBC}") = "Patterns.DesignPatterns.Tests", "Patterns.DesignPatterns.Tests\Patterns.DesignPatterns.Tests.csproj", "{D5B42CAE-8067-4AB9-BB43-05C6257595D5}"
EndProject
Global
	GlobalSection(SolutionConfigurationPlatforms) = preSolution
		Debug|Any CPU = Debug|Any CPU
		Release|Any CPU = Release|Any CPU
	EndGlobalSection
	GlobalSection(ProjectConfigurationPlatforms) = postSolution
		{9A546D75-AB2D-43B4-9F1D-C3CF308B0F21}.Debug|Any CPU.ActiveCfg = Debug|Any CPU
		{9A546D75-AB2D-43B4-9F1D-C3CF308B0F21}.Debug|Any CPU.Build.0 = Debug|Any CPU
		{9A546D75-AB2D-43B4-9F1D-C3CF308B0F21}.Release|Any CPU.ActiveCfg = Release|Any CPU
		{9A546D75-AB2D-43B4-9F1D-C3CF308B0F21}.Release|Any CPU.Build.0 = Release|Any CPU
		{D5B42CAE-8067-4AB9-BB43-05C6257595D5}.Debug|Any CPU.ActiveCfg = Debug|Any CPU
		{D5B42CAE-8067-4AB9-BB43-05C6257595D5}.Debug|Any CPU.Build.0 = Debug|Any CPU
		{D5B42CAE-8067-4AB9-BB43-05C6257595D5}.Release|Any CPU.ActiveCfg = Release|Any CPU
		{D5B42CAE-8067-4AB9-BB43-05C6257595D5}.Release|Any CPU.Build.0 = Release|Any CPU
	EndGlobalSection
	GlobalSection(SolutionProperties) = preSolution
		HideSolutionNode = FALSE
	EndGlobalSection
	GlobalSection(ExtensibilityGlobals) = postSolution
		SolutionGuid = {670F5506-7ED2-4468-B945-050B513554C8}
	EndGlobalSection
EndGlobal
